// !$*UTF8*$!
{
	archiveVersion = 1;
	classes = {
	};
	objectVersion = 46;
	objects = {

/* Begin PBXBuildFile section */
		28893C081B2975AD0057C8DA /* AppDelegate.swift in Sources */ = {isa = PBXBuildFile; fileRef = 28893C071B2975AD0057C8DA /* AppDelegate.swift */; };
		28893C0A1B2975AD0057C8DA /* ViewController.swift in Sources */ = {isa = PBXBuildFile; fileRef = 28893C091B2975AD0057C8DA /* ViewController.swift */; };
		28893C0D1B2975AD0057C8DA /* Main.storyboard in Resources */ = {isa = PBXBuildFile; fileRef = 28893C0B1B2975AD0057C8DA /* Main.storyboard */; };
		28893C0F1B2975AD0057C8DA /* Images.xcassets in Resources */ = {isa = PBXBuildFile; fileRef = 28893C0E1B2975AD0057C8DA /* Images.xcassets */; };
		28893C121B2975AD0057C8DA /* LaunchScreen.xib in Resources */ = {isa = PBXBuildFile; fileRef = 28893C101B2975AD0057C8DA /* LaunchScreen.xib */; };
		28893C1E1B2975AD0057C8DA /* HealthkitWorkshopTests.swift in Sources */ = {isa = PBXBuildFile; fileRef = 28893C1D1B2975AD0057C8DA /* HealthkitWorkshopTests.swift */; };
		28893C2B1B2977080057C8DA /* HealthKit.framework in Frameworks */ = {isa = PBXBuildFile; fileRef = 28893C2A1B2977080057C8DA /* HealthKit.framework */; };
/* End PBXBuildFile section */

/* Begin PBXContainerItemProxy section */
		28893C181B2975AD0057C8DA /* PBXContainerItemProxy */ = {
			isa = PBXContainerItemProxy;
			containerPortal = 28893BFA1B2975AC0057C8DA /* Project object */;
			proxyType = 1;
			remoteGlobalIDString = 28893C011B2975AD0057C8DA;
			remoteInfo = HealthkitWorkshop;
		};
/* End PBXContainerItemProxy section */

/* Begin PBXFileReference section */
		28706CAD1B297B45006BB896 /* HealthkitWorkshop.app */ = {isa = PBXFileReference; explicitFileType = wrapper.application; includeInIndex = 0; name = HealthkitWorkshop.app; path = "/Users/madmax/Workspace/MAD-HealthKitWorkshop/build/Debug-iphoneos/HealthkitWorkshop.app"; sourceTree = "<absolute>"; };
		28706CAE1B297B45006BB896 /* HealthkitWorkshopTests.xctest */ = {isa = PBXFileReference; explicitFileType = wrapper.cfbundle; includeInIndex = 0; name = HealthkitWorkshopTests.xctest; path = "/Users/madmax/Workspace/MAD-HealthKitWorkshop/build/Debug-iphoneos/HealthkitWorkshopTests.xctest"; sourceTree = "<absolute>"; };
		28893C061B2975AD0057C8DA /* Info.plist */ = {isa = PBXFileReference; lastKnownFileType = text.plist.xml; path = Info.plist; sourceTree = "<group>"; };
		28893C071B2975AD0057C8DA /* AppDelegate.swift */ = {isa = PBXFileReference; lastKnownFileType = sourcecode.swift; path = AppDelegate.swift; sourceTree = "<group>"; };
		28893C091B2975AD0057C8DA /* ViewController.swift */ = {isa = PBXFileReference; lastKnownFileType = sourcecode.swift; path = ViewController.swift; sourceTree = "<group>"; };
		28893C0C1B2975AD0057C8DA /* Base */ = {isa = PBXFileReference; lastKnownFileType = file.storyboard; name = Base; path = Base.lproj/Main.storyboard; sourceTree = "<group>"; };
		28893C0E1B2975AD0057C8DA /* Images.xcassets */ = {isa = PBXFileReference; lastKnownFileType = folder.assetcatalog; path = Images.xcassets; sourceTree = "<group>"; };
		28893C111B2975AD0057C8DA /* Base */ = {isa = PBXFileReference; lastKnownFileType = file.xib; name = Base; path = Base.lproj/LaunchScreen.xib; sourceTree = "<group>"; };
		28893C1C1B2975AD0057C8DA /* Info.plist */ = {isa = PBXFileReference; lastKnownFileType = text.plist.xml; path = Info.plist; sourceTree = "<group>"; };
		28893C1D1B2975AD0057C8DA /* HealthkitWorkshopTests.swift */ = {isa = PBXFileReference; lastKnownFileType = sourcecode.swift; path = HealthkitWorkshopTests.swift; sourceTree = "<group>"; };
		28893C271B2976050057C8DA /* HealthkitWorkshop.entitlements */ = {isa = PBXFileReference; lastKnownFileType = text.xml; path = HealthkitWorkshop.entitlements; sourceTree = "<group>"; };
		28893C2A1B2977080057C8DA /* HealthKit.framework */ = {isa = PBXFileReference; lastKnownFileType = wrapper.framework; name = HealthKit.framework; path = System/Library/Frameworks/HealthKit.framework; sourceTree = SDKROOT; };
/* End PBXFileReference section */

/* Begin PBXFrameworksBuildPhase section */
		28893BFF1B2975AD0057C8DA /* Frameworks */ = {
			isa = PBXFrameworksBuildPhase;
			buildActionMask = 2147483647;
			files = (
				28893C2B1B2977080057C8DA /* HealthKit.framework in Frameworks */,
			);
			runOnlyForDeploymentPostprocessing = 0;
		};
		28893C141B2975AD0057C8DA /* Frameworks */ = {
			isa = PBXFrameworksBuildPhase;
			buildActionMask = 2147483647;
			files = (
			);
			runOnlyForDeploymentPostprocessing = 0;
		};
/* End PBXFrameworksBuildPhase section */

/* Begin PBXGroup section */
		28893BF91B2975AC0057C8DA = {
			isa = PBXGroup;
			children = (
				28893C2A1B2977080057C8DA /* HealthKit.framework */,
				28893C041B2975AD0057C8DA /* HealthkitWorkshop */,
				28893C1A1B2975AD0057C8DA /* HealthkitWorkshopTests */,
			);
			sourceTree = "<group>";
		};
		28893C041B2975AD0057C8DA /* HealthkitWorkshop */ = {
			isa = PBXGroup;
			children = (
				28893C091B2975AD0057C8DA /* ViewController.swift */,
				28893C0B1B2975AD0057C8DA /* Main.storyboard */,
				28893C051B2975AD0057C8DA /* Supporting Files */,
			);
			path = HealthkitWorkshop;
			sourceTree = "<group>";
		};
		28893C051B2975AD0057C8DA /* Supporting Files */ = {
			isa = PBXGroup;
			children = (
				28893C071B2975AD0057C8DA /* AppDelegate.swift */,
				28893C271B2976050057C8DA /* HealthkitWorkshop.entitlements */,
				28893C0E1B2975AD0057C8DA /* Images.xcassets */,
				28893C061B2975AD0057C8DA /* Info.plist */,
				28893C101B2975AD0057C8DA /* LaunchScreen.xib */,
			);
			name = "Supporting Files";
			sourceTree = "<group>";
		};
		28893C1A1B2975AD0057C8DA /* HealthkitWorkshopTests */ = {
			isa = PBXGroup;
			children = (
				28893C1D1B2975AD0057C8DA /* HealthkitWorkshopTests.swift */,
				28893C1B1B2975AD0057C8DA /* Supporting Files */,
			);
			path = HealthkitWorkshopTests;
			sourceTree = "<group>";
		};
		28893C1B1B2975AD0057C8DA /* Supporting Files */ = {
			isa = PBXGroup;
			children = (
				28893C1C1B2975AD0057C8DA /* Info.plist */,
			);
			name = "Supporting Files";
			sourceTree = "<group>";
		};
/* End PBXGroup section */

/* Begin PBXNativeTarget section */
		28893C011B2975AD0057C8DA /* HealthkitWorkshop */ = {
			isa = PBXNativeTarget;
			buildConfigurationList = 28893C211B2975AD0057C8DA /* Build configuration list for PBXNativeTarget "HealthkitWorkshop" */;
			buildPhases = (
				28893BFE1B2975AD0057C8DA /* Sources */,
				28893BFF1B2975AD0057C8DA /* Frameworks */,
				28893C001B2975AD0057C8DA /* Resources */,
			);
			buildRules = (
			);
			dependencies = (
			);
			name = HealthkitWorkshop;
			productName = HealthkitWorkshop;
			productReference = 28706CAD1B297B45006BB896 /* HealthkitWorkshop.app */;
			productType = "com.apple.product-type.application";
		};
		28893C161B2975AD0057C8DA /* HealthkitWorkshopTests */ = {
			isa = PBXNativeTarget;
			buildConfigurationList = 28893C241B2975AD0057C8DA /* Build configuration list for PBXNativeTarget "HealthkitWorkshopTests" */;
			buildPhases = (
				28893C131B2975AD0057C8DA /* Sources */,
				28893C141B2975AD0057C8DA /* Frameworks */,
				28893C151B2975AD0057C8DA /* Resources */,
			);
			buildRules = (
			);
			dependencies = (
				28893C191B2975AD0057C8DA /* PBXTargetDependency */,
			);
			name = HealthkitWorkshopTests;
			productName = HealthkitWorkshopTests;
			productReference = 28706CAE1B297B45006BB896 /* HealthkitWorkshopTests.xctest */;
			productType = "com.apple.product-type.bundle.unit-test";
		};
/* End PBXNativeTarget section */

/* Begin PBXProject section */
		28893BFA1B2975AC0057C8DA /* Project object */ = {
			isa = PBXProject;
			attributes = {
				LastUpgradeCheck = 0630;
				ORGANIZATIONNAME = HAN;
				TargetAttributes = {
					28893C011B2975AD0057C8DA = {
						CreatedOnToolsVersion = 6.3.1;
						DevelopmentTeam = 6BSBW655NT;
						SystemCapabilities = {
							com.apple.HealthKit = {
								enabled = 1;
							};
						};
					};
					28893C161B2975AD0057C8DA = {
						CreatedOnToolsVersion = 6.3.1;
						TestTargetID = 28893C011B2975AD0057C8DA;
					};
				};
			};
			buildConfigurationList = 28893BFD1B2975AC0057C8DA /* Build configuration list for PBXProject "HealthkitWorkshop" */;
			compatibilityVersion = "Xcode 3.2";
			developmentRegion = English;
			hasScannedForEncodings = 0;
			knownRegions = (
				en,
				Base,
			);
			mainGroup = 28893BF91B2975AC0057C8DA;
			productRefGroup = 28893BF91B2975AC0057C8DA;
			projectDirPath = "";
			projectRoot = "";
			targets = (
				28893C011B2975AD0057C8DA /* HealthkitWorkshop */,
				28893C161B2975AD0057C8DA /* HealthkitWorkshopTests */,
			);
		};
/* End PBXProject section */

/* Begin PBXResourcesBuildPhase section */
		28893C001B2975AD0057C8DA /* Resources */ = {
			isa = PBXResourcesBuildPhase;
			buildActionMask = 2147483647;
			files = (
				28893C0D1B2975AD0057C8DA /* Main.storyboard in Resources */,
				28893C121B2975AD0057C8DA /* LaunchScreen.xib in Resources */,
				28893C0F1B2975AD0057C8DA /* Images.xcassets in Resources */,
			);
			runOnlyForDeploymentPostprocessing = 0;
		};
		28893C151B2975AD0057C8DA /* Resources */ = {
			isa = PBXResourcesBuildPhase;
			buildActionMask = 2147483647;
			files = (
			);
			runOnlyForDeploymentPostprocessing = 0;
		};
/* End PBXResourcesBuildPhase section */

/* Begin PBXSourcesBuildPhase section */
		28893BFE1B2975AD0057C8DA /* Sources */ = {
			isa = PBXSourcesBuildPhase;
			buildActionMask = 2147483647;
			files = (
				28893C0A1B2975AD0057C8DA /* ViewController.swift in Sources */,
				28893C081B2975AD0057C8DA /* AppDelegate.swift in Sources */,
			);
			runOnlyForDeploymentPostprocessing = 0;
		};
		28893C131B2975AD0057C8DA /* Sources */ = {
			isa = PBXSourcesBuildPhase;
			buildActionMask = 2147483647;
			files = (
				28893C1E1B2975AD0057C8DA /* HealthkitWorkshopTests.swift in Sources */,
			);
			runOnlyForDeploymentPostprocessing = 0;
		};
/* End PBXSourcesBuildPhase section */

/* Begin PBXTargetDependency section */
		28893C191B2975AD0057C8DA /* PBXTargetDependency */ = {
			isa = PBXTargetDependency;
			target = 28893C011B2975AD0057C8DA /* HealthkitWorkshop */;
			targetProxy = 28893C181B2975AD0057C8DA /* PBXContainerItemProxy */;
		};
/* End PBXTargetDependency section */

/* Begin PBXVariantGroup section */
		28893C0B1B2975AD0057C8DA /* Main.storyboard */ = {
			isa = PBXVariantGroup;
			children = (
				28893C0C1B2975AD0057C8DA /* Base */,
			);
			name = Main.storyboard;
			sourceTree = "<group>";
		};
		28893C101B2975AD0057C8DA /* LaunchScreen.xib */ = {
			isa = PBXVariantGroup;
			children = (
				28893C111B2975AD0057C8DA /* Base */,
			);
			name = LaunchScreen.xib;
			sourceTree = "<group>";
		};
/* End PBXVariantGroup section */

/* Begin XCBuildConfiguration section */
		28893C1F1B2975AD0057C8DA /* Debug */ = {
			isa = XCBuildConfiguration;
			buildSettings = {
				ALWAYS_SEARCH_USER_PATHS = NO;
				CLANG_CXX_LANGUAGE_STANDARD = "gnu++0x";
				CLANG_CXX_LIBRARY = "libc++";
				CLANG_ENABLE_MODULES = YES;
				CLANG_ENABLE_OBJC_ARC = YES;
				CLANG_WARN_BOOL_CONVERSION = YES;
				CLANG_WARN_CONSTANT_CONVERSION = YES;
				CLANG_WARN_DIRECT_OBJC_ISA_USAGE = YES_ERROR;
				CLANG_WARN_EMPTY_BODY = YES;
				CLANG_WARN_ENUM_CONVERSION = YES;
				CLANG_WARN_INT_CONVERSION = YES;
				CLANG_WARN_OBJC_ROOT_CLASS = YES_ERROR;
				CLANG_WARN_UNREACHABLE_CODE = YES;
				CLANG_WARN__DUPLICATE_METHOD_MATCH = YES;
				"CODE_SIGN_IDENTITY[sdk=iphoneos*]" = "iPhone Developer";
				COPY_PHASE_STRIP = NO;
				DEBUG_INFORMATION_FORMAT = "dwarf-with-dsym";
				ENABLE_STRICT_OBJC_MSGSEND = YES;
				GCC_C_LANGUAGE_STANDARD = gnu99;
				GCC_DYNAMIC_NO_PIC = NO;
				GCC_NO_COMMON_BLOCKS = YES;
				GCC_OPTIMIZATION_LEVEL = 0;
				GCC_PREPROCESSOR_DEFINITIONS = (
					"DEBUG=1",
					"$(inherited)",
				);
				GCC_SYMBOLS_PRIVATE_EXTERN = NO;
				GCC_WARN_64_TO_32_BIT_CONVERSION = YES;
				GCC_WARN_ABOUT_RETURN_TYPE = YES_ERROR;
				GCC_WARN_UNDECLARED_SELECTOR = YES;
				GCC_WARN_UNINITIALIZED_AUTOS = YES_AGGRESSIVE;
				GCC_WARN_UNUSED_FUNCTION = YES;
				GCC_WARN_UNUSED_VARIABLE = YES;
				IPHONEOS_DEPLOYMENT_TARGET = 8.3;
				MTL_ENABLE_DEBUG_INFO = YES;
				ONLY_ACTIVE_ARCH = YES;
				SDKROOT = iphoneos;
				SWIFT_OPTIMIZATION_LEVEL = "-Onone";
			};
			name = Debug;
		};
		28893C201B2975AD0057C8DA /* Release */ = {
			isa = XCBuildConfiguration;
			buildSettings = {
				ALWAYS_SEARCH_USER_PATHS = NO;
				CLANG_CXX_LANGUAGE_STANDARD = "gnu++0x";
				CLANG_CXX_LIBRARY = "libc++";
				CLANG_ENABLE_MODULES = YES;
				CLANG_ENABLE_OBJC_ARC = YES;
				CLANG_WARN_BOOL_CONVERSION = YES;
				CLANG_WARN_CONSTANT_CONVERSION = YES;
				CLANG_WARN_DIRECT_OBJC_ISA_USAGE = YES_ERROR;
				CLANG_WARN_EMPTY_BODY = YES;
				CLANG_WARN_ENUM_CONVERSION = YES;
				CLANG_WARN_INT_CONVERSION = YES;
				CLANG_WARN_OBJC_ROOT_CLASS = YES_ERROR;
				CLANG_WARN_UNREACHABLE_CODE = YES;
				CLANG_WARN__DUPLICATE_METHOD_MATCH = YES;
				"CODE_SIGN_IDENTITY[sdk=iphoneos*]" = "iPhone Developer";
				COPY_PHASE_STRIP = NO;
				DEBUG_INFORMATION_FORMAT = "dwarf-with-dsym";
				ENABLE_NS_ASSERTIONS = NO;
				ENABLE_STRICT_OBJC_MSGSEND = YES;
				GCC_C_LANGUAGE_STANDARD = gnu99;
				GCC_NO_COMMON_BLOCKS = YES;
				GCC_WARN_64_TO_32_BIT_CONVERSION = YES;
				GCC_WARN_ABOUT_RETURN_TYPE = YES_ERROR;
				GCC_WARN_UNDECLARED_SELECTOR = YES;
				GCC_WARN_UNINITIALIZED_AUTOS = YES_AGGRESSIVE;
				GCC_WARN_UNUSED_FUNCTION = YES;
				GCC_WARN_UNUSED_VARIABLE = YES;
				IPHONEOS_DEPLOYMENT_TARGET = 8.3;
				MTL_ENABLE_DEBUG_INFO = NO;
				SDKROOT = iphoneos;
				VALIDATE_PRODUCT = YES;
			};
			name = Release;
		};
		28893C221B2975AD0057C8DA /* Debug */ = {
			isa = XCBuildConfiguration;
			buildSettings = {
				ASSETCATALOG_COMPILER_APPICON_NAME = AppIcon;
				CODE_SIGN_ENTITLEMENTS = HealthkitWorkshop/HealthkitWorkshop.entitlements;
				CODE_SIGN_IDENTITY = "iPhone Developer";
				INFOPLIST_FILE = HealthkitWorkshop/Info.plist;
				IPHONEOS_DEPLOYMENT_TARGET = 8.1;
				LD_RUNPATH_SEARCH_PATHS = "$(inherited) @executable_path/Frameworks";
				PRODUCT_NAME = "$(TARGET_NAME)";
			};
			name = Debug;
		};
		28893C231B2975AD0057C8DA /* Release */ = {
			isa = XCBuildConfiguration;
			buildSettings = {
				ASSETCATALOG_COMPILER_APPICON_NAME = AppIcon;
				CODE_SIGN_ENTITLEMENTS = HealthkitWorkshop/HealthkitWorkshop.entitlements;
				CODE_SIGN_IDENTITY = "iPhone Developer";
				INFOPLIST_FILE = HealthkitWorkshop/Info.plist;
				IPHONEOS_DEPLOYMENT_TARGET = 8.1;
				LD_RUNPATH_SEARCH_PATHS = "$(inherited) @executable_path/Frameworks";
				PRODUCT_NAME = "$(TARGET_NAME)";
			};
			name = Release;
		};
		28893C251B2975AD0057C8DA /* Debug */ = {
			isa = XCBuildConfiguration;
			buildSettings = {
				BUNDLE_LOADER = "$(TEST_HOST)";
				FRAMEWORK_SEARCH_PATHS = (
					"$(SDKROOT)/Developer/Library/Frameworks",
					"$(inherited)",
				);
				GCC_PREPROCESSOR_DEFINITIONS = (
					"DEBUG=1",
					"$(inherited)",
				);
				INFOPLIST_FILE = HealthkitWorkshopTests/Info.plist;
				LD_RUNPATH_SEARCH_PATHS = "$(inherited) @executable_path/Frameworks @loader_path/Frameworks";
				PRODUCT_NAME = "$(TARGET_NAME)";
				TEST_HOST = "$(BUILT_PRODUCTS_DIR)/HealthkitWorkshop.app/HealthkitWorkshop";
			};
			name = Debug;
		};
		28893C261B2975AD0057C8DA /* Release */ = {
			isa = XCBuildConfiguration;
			buildSettings = {
				BUNDLE_LOADER = "$(TEST_HOST)";
				FRAMEWORK_SEARCH_PATHS = (
					"$(SDKROOT)/Developer/Library/Frameworks",
					"$(inherited)",
				);
				INFOPLIST_FILE = HealthkitWorkshopTests/Info.plist;
				LD_RUNPATH_SEARCH_PATHS = "$(inherited) @executable_path/Frameworks @loader_path/Frameworks";
				PRODUCT_NAME = "$(TARGET_NAME)";
				TEST_HOST = "$(BUILT_PRODUCTS_DIR)/HealthkitWorkshop.app/HealthkitWorkshop";
			};
			name = Release;
		};
/* End XCBuildConfiguration section */

/* Begin XCConfigurationList section */
		28893BFD1B2975AC0057C8DA /* Build configuration list for PBXProject "HealthkitWorkshop" */ = {
			isa = XCConfigurationList;
			buildConfigurations = (
				28893C1F1B2975AD0057C8DA /* Debug */,
				28893C201B2975AD0057C8DA /* Release */,
			);
			defaultConfigurationIsVisible = 0;
			defaultConfigurationName = Release;
		};
		28893C211B2975AD0057C8DA /* Build configuration list for PBXNativeTarget "HealthkitWorkshop" */ = {
			isa = XCConfigurationList;
			buildConfigurations = (
				28893C221B2975AD0057C8DA /* Debug */,
				28893C231B2975AD0057C8DA /* Release */,
			);
			defaultConfigurationIsVisible = 0;
			defaultConfigurationName = Release;
		};
		28893C241B2975AD0057C8DA /* Build configuration list for PBXNativeTarget "HealthkitWorkshopTests" */ = {
			isa = XCConfigurationList;
			buildConfigurations = (
				28893C251B2975AD0057C8DA /* Debug */,
				28893C261B2975AD0057C8DA /* Release */,
			);
			defaultConfigurationIsVisible = 0;
			defaultConfigurationName = Release;
		};
/* End XCConfigurationList section */
	};
	rootObject = 28893BFA1B2975AC0057C8DA /* Project object */;
}
